
Microsoft Visual Studio Solution File, Format Version 12.00
# Visual Studio 14
VisualStudioVersion = 14.0.25420.1
MinimumVisualStudioVersion = 10.0.40219.1
Project("{FAE04EC0-301F-11D3-BF4B-00C04F79EFBC}") = "SfGrid_Sample.Android", "SfGrid_Sample\SfGrid_Sample.Android\SfGrid_Sample.Android.csproj", "{E92B48AC-B1F8-45DD-A34D-58B6ED3BC77B}"
EndProject
Project("{FAE04EC0-301F-11D3-BF4B-00C04F79EFBC}") = "SfGrid_Sample", "SfGrid_Sample\SfGrid_Sample\SfGrid_Sample.csproj", "{2A44736E-E300-4E7E-B888-45690F0653B3}"
EndProject
Project("{FAE04EC0-301F-11D3-BF4B-00C04F79EFBC}") = "SfGrid_Sample.UWP", "SfGrid_Sample\SfGrid_Sample.UWP\SfGrid_Sample.UWP.csproj", "{728CD888-C0B1-44FC-8F98-AB9A354DAD84}"
EndProject
Project("{FAE04EC0-301F-11D3-BF4B-00C04F79EFBC}") = "SfGrid_Sample.iOS", "SfGrid_Sample\SfGrid_Sample.iOS\SfGrid_Sample.iOS.csproj", "{4D3AEED9-86E9-4FFB-B009-40CB7E5335B1}"
EndProject
Global
	GlobalSection(SolutionConfigurationPlatforms) = preSolution
		Ad-Hoc|Any CPU = Ad-Hoc|Any CPU
		Ad-Hoc|ARM = Ad-Hoc|ARM
		Ad-Hoc|iPhone = Ad-Hoc|iPhone
		Ad-Hoc|iPhoneSimulator = Ad-Hoc|iPhoneSimulator
		Ad-Hoc|x64 = Ad-Hoc|x64
		Ad-Hoc|x86 = Ad-Hoc|x86
		AppStore|Any CPU = AppStore|Any CPU
		AppStore|ARM = AppStore|ARM
		AppStore|iPhone = AppStore|iPhone
		AppStore|iPhoneSimulator = AppStore|iPhoneSimulator
		AppStore|x64 = AppStore|x64
		AppStore|x86 = AppStore|x86
		Debug|Any CPU = Debug|Any CPU
		Debug|ARM = Debug|ARM
		Debug|iPhone = Debug|iPhone
		Debug|iPhoneSimulator = Debug|iPhoneSimulator
		Debug|x64 = Debug|x64
		Debug|x86 = Debug|x86
		Release|Any CPU = Release|Any CPU
		Release|ARM = Release|ARM
		Release|iPhone = Release|iPhone
		Release|iPhoneSimulator = Release|iPhoneSimulator
		Release|x64 = Release|x64
		Release|x86 = Release|x86
		Release-xml|Any CPU = Release-xml|Any CPU
		Release-xml|ARM = Release-xml|ARM
		Release-xml|iPhone = Release-xml|iPhone
		Release-xml|iPhoneSimulator = Release-xml|iPhoneSimulator
		Release-xml|x64 = Release-xml|x64
		Release-xml|x86 = Release-xml|x86
	EndGlobalSection
	GlobalSection(ProjectConfigurationPlatforms) = postSolution
		{E92B48AC-B1F8-45DD-A34D-58B6ED3BC77B}.Ad-Hoc|Any CPU.ActiveCfg = Release|Any CPU
		{E92B48AC-B1F8-45DD-A34D-58B6ED3BC77B}.Ad-Hoc|Any CPU.Build.0 = Release|Any CPU
		{E92B48AC-B1F8-45DD-A34D-58B6ED3BC77B}.Ad-Hoc|Any CPU.Deploy.0 = Release|Any CPU
		{E92B48AC-B1F8-45DD-A34D-58B6ED3BC77B}.Ad-Hoc|ARM.ActiveCfg = Release|Any CPU
		{E92B48AC-B1F8-45DD-A34D-58B6ED3BC77B}.Ad-Hoc|ARM.Build.0 = Release|Any CPU
		{E92B48AC-B1F8-45DD-A34D-58B6ED3BC77B}.Ad-Hoc|ARM.Deploy.0 = Release|Any CPU
		{E92B48AC-B1F8-45DD-A34D-58B6ED3BC77B}.Ad-Hoc|iPhone.ActiveCfg = Release|Any CPU
		{E92B48AC-B1F8-45DD-A34D-58B6ED3BC77B}.Ad-Hoc|iPhone.Build.0 = Release|Any CPU
		{E92B48AC-B1F8-45DD-A34D-58B6ED3BC77B}.Ad-Hoc|iPhone.Deploy.0 = Release|Any CPU
		{E92B48AC-B1F8-45DD-A34D-58B6ED3BC77B}.Ad-Hoc|iPhoneSimulator.ActiveCfg = Release|Any CPU
		{E92B48AC-B1F8-45DD-A34D-58B6ED3BC77B}.Ad-Hoc|iPhoneSimulator.Build.0 = Release|Any CPU
		{E92B48AC-B1F8-45DD-A34D-58B6ED3BC77B}.Ad-Hoc|iPhoneSimulator.Deploy.0 = Release|Any CPU
		{E92B48AC-B1F8-45DD-A34D-58B6ED3BC77B}.Ad-Hoc|x64.ActiveCfg = Release|Any CPU
		{E92B48AC-B1F8-45DD-A34D-58B6ED3BC77B}.Ad-Hoc|x64.Build.0 = Release|Any CPU
		{E92B48AC-B1F8-45DD-A34D-58B6ED3BC77B}.Ad-Hoc|x64.Deploy.0 = Release|Any CPU
		{E92B48AC-B1F8-45DD-A34D-58B6ED3BC77B}.Ad-Hoc|x86.ActiveCfg = Release|Any CPU
		{E92B48AC-B1F8-45DD-A34D-58B6ED3BC77B}.Ad-Hoc|x86.Build.0 = Release|Any CPU
		{E92B48AC-B1F8-45DD-A34D-58B6ED3BC77B}.Ad-Hoc|x86.Deploy.0 = Release|Any CPU
		{E92B48AC-B1F8-45DD-A34D-58B6ED3BC77B}.AppStore|Any CPU.ActiveCfg = Release|Any CPU
		{E92B48AC-B1F8-45DD-A34D-58B6ED3BC77B}.AppStore|Any CPU.Build.0 = Release|Any CPU
		{E92B48AC-B1F8-45DD-A34D-58B6ED3BC77B}.AppStore|Any CPU.Deploy.0 = Release|Any CPU
		{E92B48AC-B1F8-45DD-A34D-58B6ED3BC77B}.AppStore|ARM.ActiveCfg = Release|Any CPU
		{E92B48AC-B1F8-45DD-A34D-58B6ED3BC77B}.AppStore|ARM.Build.0 = Release|Any CPU
		{E92B48AC-B1F8-45DD-A34D-58B6ED3BC77B}.AppStore|ARM.Deploy.0 = Release|Any CPU
		{E92B48AC-B1F8-45DD-A34D-58B6ED3BC77B}.AppStore|iPhone.ActiveCfg = Release|Any CPU
		{E92B48AC-B1F8-45DD-A34D-58B6ED3BC77B}.AppStore|iPhone.Build.0 = Release|Any CPU
		{E92B48AC-B1F8-45DD-A34D-58B6ED3BC77B}.AppStore|iPhone.Deploy.0 = Release|Any CPU
		{E92B48AC-B1F8-45DD-A34D-58B6ED3BC77B}.AppStore|iPhoneSimulator.ActiveCfg = Release|Any CPU
		{E92B48AC-B1F8-45DD-A34D-58B6ED3BC77B}.AppStore|iPhoneSimulator.Build.0 = Release|Any CPU
		{E92B48AC-B1F8-45DD-A34D-58B6ED3BC77B}.AppStore|iPhoneSimulator.Deploy.0 = Release|Any CPU
		{E92B48AC-B1F8-45DD-A34D-58B6ED3BC77B}.AppStore|x64.ActiveCfg = Release|Any CPU
		{E92B48AC-B1F8-45DD-A34D-58B6ED3BC77B}.AppStore|x64.Build.0 = Release|Any CPU
		{E92B48AC-B1F8-45DD-A34D-58B6ED3BC77B}.AppStore|x64.Deploy.0 = Release|Any CPU
		{E92B48AC-B1F8-45DD-A34D-58B6ED3BC77B}.AppStore|x86.ActiveCfg = Release|Any CPU
		{E92B48AC-B1F8-45DD-A34D-58B6ED3BC77B}.AppStore|x86.Build.0 = Release|Any CPU
		{E92B48AC-B1F8-45DD-A34D-58B6ED3BC77B}.AppStore|x86.Deploy.0 = Release|Any CPU
		{E92B48AC-B1F8-45DD-A34D-58B6ED3BC77B}.Debug|Any CPU.ActiveCfg = Debug|Any CPU
		{E92B48AC-B1F8-45DD-A34D-58B6ED3BC77B}.Debug|Any CPU.Build.0 = Debug|Any CPU
		{E92B48AC-B1F8-45DD-A34D-58B6ED3BC77B}.Debug|Any CPU.Deploy.0 = Debug|Any CPU
		{E92B48AC-B1F8-45DD-A34D-58B6ED3BC77B}.Debug|ARM.ActiveCfg = Debug|Any CPU
		{E92B48AC-B1F8-45DD-A34D-58B6ED3BC77B}.Debug|ARM.Build.0 = Debug|Any CPU
		{E92B48AC-B1F8-45DD-A34D-58B6ED3BC77B}.Debug|ARM.Deploy.0 = Debug|Any CPU
		{E92B48AC-B1F8-45DD-A34D-58B6ED3BC77B}.Debug|iPhone.ActiveCfg = Debug|Any CPU
		{E92B48AC-B1F8-45DD-A34D-58B6ED3BC77B}.Debug|iPhone.Build.0 = Debug|Any CPU
		{E92B48AC-B1F8-45DD-A34D-58B6ED3BC77B}.Debug|iPhone.Deploy.0 = Debug|Any CPU
		{E92B48AC-B1F8-45DD-A34D-58B6ED3BC77B}.Debug|iPhoneSimulator.ActiveCfg = Debug|Any CPU
		{E92B48AC-B1F8-45DD-A34D-58B6ED3BC77B}.Debug|iPhoneSimulator.Build.0 = Debug|Any CPU
		{E92B48AC-B1F8-45DD-A34D-58B6ED3BC77B}.Debug|iPhoneSimulator.Deploy.0 = Debug|Any CPU
		{E92B48AC-B1F8-45DD-A34D-58B6ED3BC77B}.Debug|x64.ActiveCfg = Debug|Any CPU
		{E92B48AC-B1F8-45DD-A34D-58B6ED3BC77B}.Debug|x64.Build.0 = Debug|Any CPU
		{E92B48AC-B1F8-45DD-A34D-58B6ED3BC77B}.Debug|x64.Deploy.0 = Debug|Any CPU
		{E92B48AC-B1F8-45DD-A34D-58B6ED3BC77B}.Debug|x86.ActiveCfg = Debug|Any CPU
		{E92B48AC-B1F8-45DD-A34D-58B6ED3BC77B}.Debug|x86.Build.0 = Debug|Any CPU
		{E92B48AC-B1F8-45DD-A34D-58B6ED3BC77B}.Debug|x86.Deploy.0 = Debug|Any CPU
		{E92B48AC-B1F8-45DD-A34D-58B6ED3BC77B}.Release|Any CPU.ActiveCfg = Release|Any CPU
		{E92B48AC-B1F8-45DD-A34D-58B6ED3BC77B}.Release|Any CPU.Build.0 = Release|Any CPU
		{E92B48AC-B1F8-45DD-A34D-58B6ED3BC77B}.Release|Any CPU.Deploy.0 = Release|Any CPU
		{E92B48AC-B1F8-45DD-A34D-58B6ED3BC77B}.Release|ARM.ActiveCfg = Release|Any CPU
		{E92B48AC-B1F8-45DD-A34D-58B6ED3BC77B}.Release|ARM.Build.0 = Release|Any CPU
		{E92B48AC-B1F8-45DD-A34D-58B6ED3BC77B}.Release|ARM.Deploy.0 = Release|Any CPU
		{E92B48AC-B1F8-45DD-A34D-58B6ED3BC77B}.Release|iPhone.ActiveCfg = Release|Any CPU
		{E92B48AC-B1F8-45DD-A34D-58B6ED3BC77B}.Release|iPhone.Build.0 = Release|Any CPU
		{E92B48AC-B1F8-45DD-A34D-58B6ED3BC77B}.Release|iPhone.Deploy.0 = Release|Any CPU
		{E92B48AC-B1F8-45DD-A34D-58B6ED3BC77B}.Release|iPhoneSimulator.ActiveCfg = Release|Any CPU
		{E92B48AC-B1F8-45DD-A34D-58B6ED3BC77B}.Release|iPhoneSimulator.Build.0 = Release|Any CPU
		{E92B48AC-B1F8-45DD-A34D-58B6ED3BC77B}.Release|iPhoneSimulator.Deploy.0 = Release|Any CPU
		{E92B48AC-B1F8-45DD-A34D-58B6ED3BC77B}.Release|x64.ActiveCfg = Release|Any CPU
		{E92B48AC-B1F8-45DD-A34D-58B6ED3BC77B}.Release|x64.Build.0 = Release|Any CPU
		{E92B48AC-B1F8-45DD-A34D-58B6ED3BC77B}.Release|x64.Deploy.0 = Release|Any CPU
		{E92B48AC-B1F8-45DD-A34D-58B6ED3BC77B}.Release|x86.ActiveCfg = Release|Any CPU
		{E92B48AC-B1F8-45DD-A34D-58B6ED3BC77B}.Release|x86.Build.0 = Release|Any CPU
		{E92B48AC-B1F8-45DD-A34D-58B6ED3BC77B}.Release|x86.Deploy.0 = Release|Any CPU
		{E92B48AC-B1F8-45DD-A34D-58B6ED3BC77B}.Release-xml|Any CPU.ActiveCfg = Release|Any CPU
		{E92B48AC-B1F8-45DD-A34D-58B6ED3BC77B}.Release-xml|ARM.ActiveCfg = Release|Any CPU
		{E92B48AC-B1F8-45DD-A34D-58B6ED3BC77B}.Release-xml|iPhone.ActiveCfg = Release|Any CPU
		{E92B48AC-B1F8-45DD-A34D-58B6ED3BC77B}.Release-xml|iPhoneSimulator.ActiveCfg = Release|Any CPU
		{E92B48AC-B1F8-45DD-A34D-58B6ED3BC77B}.Release-xml|x64.ActiveCfg = Release|Any CPU
		{E92B48AC-B1F8-45DD-A34D-58B6ED3BC77B}.Release-xml|x86.ActiveCfg = Release|Any CPU
		{2A44736E-E300-4E7E-B888-45690F0653B3}.Ad-Hoc|Any CPU.ActiveCfg = Release|Any CPU
		{2A44736E-E300-4E7E-B888-45690F0653B3}.Ad-Hoc|Any CPU.Build.0 = Release|Any CPU
		{2A44736E-E300-4E7E-B888-45690F0653B3}.Ad-Hoc|ARM.ActiveCfg = Release|Any CPU
		{2A44736E-E300-4E7E-B888-45690F0653B3}.Ad-Hoc|ARM.Build.0 = Release|Any CPU
		{2A44736E-E300-4E7E-B888-45690F0653B3}.Ad-Hoc|iPhone.ActiveCfg = Release|Any CPU
		{2A44736E-E300-4E7E-B888-45690F0653B3}.Ad-Hoc|iPhone.Build.0 = Release|Any CPU
		{2A44736E-E300-4E7E-B888-45690F0653B3}.Ad-Hoc|iPhoneSimulator.ActiveCfg = Release|Any CPU
		{2A44736E-E300-4E7E-B888-45690F0653B3}.Ad-Hoc|iPhoneSimulator.Build.0 = Release|Any CPU
		{2A44736E-E300-4E7E-B888-45690F0653B3}.Ad-Hoc|x64.ActiveCfg = Release|Any CPU
		{2A44736E-E300-4E7E-B888-45690F0653B3}.Ad-Hoc|x64.Build.0 = Release|Any CPU
		{2A44736E-E300-4E7E-B888-45690F0653B3}.Ad-Hoc|x86.ActiveCfg = Release|Any CPU
		{2A44736E-E300-4E7E-B888-45690F0653B3}.Ad-Hoc|x86.Build.0 = Release|Any CPU
		{2A44736E-E300-4E7E-B888-45690F0653B3}.AppStore|Any CPU.ActiveCfg = Release|Any CPU
		{2A44736E-E300-4E7E-B888-45690F0653B3}.AppStore|Any CPU.Build.0 = Release|Any CPU
		{2A44736E-E300-4E7E-B888-45690F0653B3}.AppStore|ARM.ActiveCfg = Release|Any CPU
		{2A44736E-E300-4E7E-B888-45690F0653B3}.AppStore|ARM.Build.0 = Release|Any CPU
		{2A44736E-E300-4E7E-B888-45690F0653B3}.AppStore|iPhone.ActiveCfg = Release|Any CPU
		{2A44736E-E300-4E7E-B888-45690F0653B3}.AppStore|iPhone.Build.0 = Release|Any CPU
		{2A44736E-E300-4E7E-B888-45690F0653B3}.AppStore|iPhoneSimulator.ActiveCfg = Release|Any CPU
		{2A44736E-E300-4E7E-B888-45690F0653B3}.AppStore|iPhoneSimulator.Build.0 = Release|Any CPU
		{2A44736E-E300-4E7E-B888-45690F0653B3}.AppStore|x64.ActiveCfg = Release|Any CPU
		{2A44736E-E300-4E7E-B888-45690F0653B3}.AppStore|x64.Build.0 = Release|Any CPU
		{2A44736E-E300-4E7E-B888-45690F0653B3}.AppStore|x86.ActiveCfg = Release|Any CPU
		{2A44736E-E300-4E7E-B888-45690F0653B3}.AppStore|x86.Build.0 = Release|Any CPU
		{2A44736E-E300-4E7E-B888-45690F0653B3}.Debug|Any CPU.ActiveCfg = Debug|Any CPU
		{2A44736E-E300-4E7E-B888-45690F0653B3}.Debug|Any CPU.Build.0 = Debug|Any CPU
		{2A44736E-E300-4E7E-B888-45690F0653B3}.Debug|ARM.ActiveCfg = Debug|Any CPU
		{2A44736E-E300-4E7E-B888-45690F0653B3}.Debug|ARM.Build.0 = Debug|Any CPU
		{2A44736E-E300-4E7E-B888-45690F0653B3}.Debug|iPhone.ActiveCfg = Debug|Any CPU
		{2A44736E-E300-4E7E-B888-45690F0653B3}.Debug|iPhone.Build.0 = Debug|Any CPU
		{2A44736E-E300-4E7E-B888-45690F0653B3}.Debug|iPhoneSimulator.ActiveCfg = Debug|Any CPU
		{2A44736E-E300-4E7E-B888-45690F0653B3}.Debug|iPhoneSimulator.Build.0 = Debug|Any CPU
		{2A44736E-E300-4E7E-B888-45690F0653B3}.Debug|x64.ActiveCfg = Debug|Any CPU
		{2A44736E-E300-4E7E-B888-45690F0653B3}.Debug|x64.Build.0 = Debug|Any CPU
		{2A44736E-E300-4E7E-B888-45690F0653B3}.Debug|x86.ActiveCfg = Debug|Any CPU
		{2A44736E-E300-4E7E-B888-45690F0653B3}.Debug|x86.Build.0 = Debug|Any CPU
		{2A44736E-E300-4E7E-B888-45690F0653B3}.Release|Any CPU.ActiveCfg = Release|Any CPU
		{2A44736E-E300-4E7E-B888-45690F0653B3}.Release|Any CPU.Build.0 = Release|Any CPU
		{2A44736E-E300-4E7E-B888-45690F0653B3}.Release|ARM.ActiveCfg = Release|Any CPU
		{2A44736E-E300-4E7E-B888-45690F0653B3}.Release|ARM.Build.0 = Release|Any CPU
		{2A44736E-E300-4E7E-B888-45690F0653B3}.Release|iPhone.ActiveCfg = Release|Any CPU
		{2A44736E-E300-4E7E-B888-45690F0653B3}.Release|iPhone.Build.0 = Release|Any CPU
		{2A44736E-E300-4E7E-B888-45690F0653B3}.Release|iPhoneSimulator.ActiveCfg = Release|Any CPU
		{2A44736E-E300-4E7E-B888-45690F0653B3}.Release|iPhoneSimulator.Build.0 = Release|Any CPU
		{2A44736E-E300-4E7E-B888-45690F0653B3}.Release|x64.ActiveCfg = Release|Any CPU
		{2A44736E-E300-4E7E-B888-45690F0653B3}.Release|x64.Build.0 = Release|Any CPU
		{2A44736E-E300-4E7E-B888-45690F0653B3}.Release|x86.ActiveCfg = Release|Any CPU
		{2A44736E-E300-4E7E-B888-45690F0653B3}.Release|x86.Build.0 = Release|Any CPU
		{2A44736E-E300-4E7E-B888-45690F0653B3}.Release-xml|Any CPU.ActiveCfg = Release|Any CPU
		{2A44736E-E300-4E7E-B888-45690F0653B3}.Release-xml|Any CPU.Build.0 = Release|Any CPU
		{2A44736E-E300-4E7E-B888-45690F0653B3}.Release-xml|ARM.ActiveCfg = Release|Any CPU
		{2A44736E-E300-4E7E-B888-45690F0653B3}.Release-xml|ARM.Build.0 = Release|Any CPU
		{2A44736E-E300-4E7E-B888-45690F0653B3}.Release-xml|iPhone.ActiveCfg = Release|Any CPU
		{2A44736E-E300-4E7E-B888-45690F0653B3}.Release-xml|iPhone.Build.0 = Release|Any CPU
		{2A44736E-E300-4E7E-B888-45690F0653B3}.Release-xml|iPhoneSimulator.ActiveCfg = Release|Any CPU
		{2A44736E-E300-4E7E-B888-45690F0653B3}.Release-xml|iPhoneSimulator.Build.0 = Release|Any CPU
		{2A44736E-E300-4E7E-B888-45690F0653B3}.Release-xml|x64.ActiveCfg = Release|Any CPU
		{2A44736E-E300-4E7E-B888-45690F0653B3}.Release-xml|x64.Build.0 = Release|Any CPU
		{2A44736E-E300-4E7E-B888-45690F0653B3}.Release-xml|x86.ActiveCfg = Release|Any CPU
		{2A44736E-E300-4E7E-B888-45690F0653B3}.Release-xml|x86.Build.0 = Release|Any CPU
		{728CD888-C0B1-44FC-8F98-AB9A354DAD84}.Ad-Hoc|Any CPU.ActiveCfg = Release|x86
		{728CD888-C0B1-44FC-8F98-AB9A354DAD84}.Ad-Hoc|Any CPU.Build.0 = Release|x86
		{728CD888-C0B1-44FC-8F98-AB9A354DAD84}.Ad-Hoc|Any CPU.Deploy.0 = Release|x86
		{728CD888-C0B1-44FC-8F98-AB9A354DAD84}.Ad-Hoc|ARM.ActiveCfg = Release|ARM
		{728CD888-C0B1-44FC-8F98-AB9A354DAD84}.Ad-Hoc|ARM.Build.0 = Release|ARM
		{728CD888-C0B1-44FC-8F98-AB9A354DAD84}.Ad-Hoc|ARM.Deploy.0 = Release|ARM
		{728CD888-C0B1-44FC-8F98-AB9A354DAD84}.Ad-Hoc|iPhone.ActiveCfg = Release|x86
		{728CD888-C0B1-44FC-8F98-AB9A354DAD84}.Ad-Hoc|iPhone.Build.0 = Release|x86
		{728CD888-C0B1-44FC-8F98-AB9A354DAD84}.Ad-Hoc|iPhone.Deploy.0 = Release|x86
		{728CD888-C0B1-44FC-8F98-AB9A354DAD84}.Ad-Hoc|iPhoneSimulator.ActiveCfg = Release|x86
		{728CD888-C0B1-44FC-8F98-AB9A354DAD84}.Ad-Hoc|iPhoneSimulator.Build.0 = Release|x86
		{728CD888-C0B1-44FC-8F98-AB9A354DAD84}.Ad-Hoc|iPhoneSimulator.Deploy.0 = Release|x86
		{728CD888-C0B1-44FC-8F98-AB9A354DAD84}.Ad-Hoc|x64.ActiveCfg = Release|x64
		{728CD888-C0B1-44FC-8F98-AB9A354DAD84}.Ad-Hoc|x64.Build.0 = Release|x64
		{728CD888-C0B1-44FC-8F98-AB9A354DAD84}.Ad-Hoc|x64.Deploy.0 = Release|x64
		{728CD888-C0B1-44FC-8F98-AB9A354DAD84}.Ad-Hoc|x86.ActiveCfg = Release|x86
		{728CD888-C0B1-44FC-8F98-AB9A354DAD84}.Ad-Hoc|x86.Build.0 = Release|x86
		{728CD888-C0B1-44FC-8F98-AB9A354DAD84}.Ad-Hoc|x86.Deploy.0 = Release|x86
		{728CD888-C0B1-44FC-8F98-AB9A354DAD84}.AppStore|Any CPU.ActiveCfg = Release|x86
		{728CD888-C0B1-44FC-8F98-AB9A354DAD84}.AppStore|Any CPU.Build.0 = Release|x86
		{728CD888-C0B1-44FC-8F98-AB9A354DAD84}.AppStore|Any CPU.Deploy.0 = Release|x86
		{728CD888-C0B1-44FC-8F98-AB9A354DAD84}.AppStore|ARM.ActiveCfg = Release|ARM
		{728CD888-C0B1-44FC-8F98-AB9A354DAD84}.AppStore|ARM.Build.0 = Release|ARM
		{728CD888-C0B1-44FC-8F98-AB9A354DAD84}.AppStore|ARM.Deploy.0 = Release|ARM
		{728CD888-C0B1-44FC-8F98-AB9A354DAD84}.AppStore|iPhone.ActiveCfg = Release|x86
		{728CD888-C0B1-44FC-8F98-AB9A354DAD84}.AppStore|iPhone.Build.0 = Release|x86
		{728CD888-C0B1-44FC-8F98-AB9A354DAD84}.AppStore|iPhone.Deploy.0 = Release|x86
		{728CD888-C0B1-44FC-8F98-AB9A354DAD84}.AppStore|iPhoneSimulator.ActiveCfg = Release|x86
		{728CD888-C0B1-44FC-8F98-AB9A354DAD84}.AppStore|iPhoneSimulator.Build.0 = Release|x86
		{728CD888-C0B1-44FC-8F98-AB9A354DAD84}.AppStore|iPhoneSimulator.Deploy.0 = Release|x86
		{728CD888-C0B1-44FC-8F98-AB9A354DAD84}.AppStore|x64.ActiveCfg = Release|x64
		{728CD888-C0B1-44FC-8F98-AB9A354DAD84}.AppStore|x64.Build.0 = Release|x64
		{728CD888-C0B1-44FC-8F98-AB9A354DAD84}.AppStore|x64.Deploy.0 = Release|x64
		{728CD888-C0B1-44FC-8F98-AB9A354DAD84}.AppStore|x86.ActiveCfg = Release|x86
		{728CD888-C0B1-44FC-8F98-AB9A354DAD84}.AppStore|x86.Build.0 = Release|x86
		{728CD888-C0B1-44FC-8F98-AB9A354DAD84}.AppStore|x86.Deploy.0 = Release|x86
		{728CD888-C0B1-44FC-8F98-AB9A354DAD84}.Debug|Any CPU.ActiveCfg = Debug|x86
		{728CD888-C0B1-44FC-8F98-AB9A354DAD84}.Debug|Any CPU.Build.0 = Debug|x86
		{728CD888-C0B1-44FC-8F98-AB9A354DAD84}.Debug|Any CPU.Deploy.0 = Debug|x86
		{728CD888-C0B1-44FC-8F98-AB9A354DAD84}.Debug|ARM.ActiveCfg = Debug|ARM
		{728CD888-C0B1-44FC-8F98-AB9A354DAD84}.Debug|ARM.Build.0 = Debug|ARM
		{728CD888-C0B1-44FC-8F98-AB9A354DAD84}.Debug|ARM.Deploy.0 = Debug|ARM
		{728CD888-C0B1-44FC-8F98-AB9A354DAD84}.Debug|iPhone.ActiveCfg = Debug|x86
		{728CD888-C0B1-44FC-8F98-AB9A354DAD84}.Debug|iPhoneSimulator.ActiveCfg = Debug|x86
		{728CD888-C0B1-44FC-8F98-AB9A354DAD84}.Debug|iPhoneSimulator.Build.0 = Debug|x86
		{728CD888-C0B1-44FC-8F98-AB9A354DAD84}.Debug|iPhoneSimulator.Deploy.0 = Debug|x86
		{728CD888-C0B1-44FC-8F98-AB9A354DAD84}.Debug|x64.ActiveCfg = Debug|x64
		{728CD888-C0B1-44FC-8F98-AB9A354DAD84}.Debug|x64.Build.0 = Debug|x64
		{728CD888-C0B1-44FC-8F98-AB9A354DAD84}.Debug|x64.Deploy.0 = Debug|x64
		{728CD888-C0B1-44FC-8F98-AB9A354DAD84}.Debug|x86.ActiveCfg = Debug|x86
		{728CD888-C0B1-44FC-8F98-AB9A354DAD84}.Debug|x86.Build.0 = Debug|x86
		{728CD888-C0B1-44FC-8F98-AB9A354DAD84}.Debug|x86.Deploy.0 = Debug|x86
		{728CD888-C0B1-44FC-8F98-AB9A354DAD84}.Release|Any CPU.ActiveCfg = Release|x86
		{728CD888-C0B1-44FC-8F98-AB9A354DAD84}.Release|ARM.ActiveCfg = Release|ARM
		{728CD888-C0B1-44FC-8F98-AB9A354DAD84}.Release|ARM.Build.0 = Release|ARM
		{728CD888-C0B1-44FC-8F98-AB9A354DAD84}.Release|ARM.Deploy.0 = Release|ARM
		{728CD888-C0B1-44FC-8F98-AB9A354DAD84}.Release|iPhone.ActiveCfg = Release|x86
		{728CD888-C0B1-44FC-8F98-AB9A354DAD84}.Release|iPhoneSimulator.ActiveCfg = Release|x86
		{728CD888-C0B1-44FC-8F98-AB9A354DAD84}.Release|x64.ActiveCfg = Release|x64
		{728CD888-C0B1-44FC-8F98-AB9A354DAD84}.Release|x64.Build.0 = Release|x64
		{728CD888-C0B1-44FC-8F98-AB9A354DAD84}.Release|x64.Deploy.0 = Release|x64
		{728CD888-C0B1-44FC-8F98-AB9A354DAD84}.Release|x86.ActiveCfg = Release|x86
		{728CD888-C0B1-44FC-8F98-AB9A354DAD84}.Release|x86.Build.0 = Release|x86
		{728CD888-C0B1-44FC-8F98-AB9A354DAD84}.Release|x86.Deploy.0 = Release|x86
		{728CD888-C0B1-44FC-8F98-AB9A354DAD84}.Release-xml|Any CPU.ActiveCfg = Debug|x64
		{728CD888-C0B1-44FC-8F98-AB9A354DAD84}.Release-xml|ARM.ActiveCfg = Release|ARM
		{728CD888-C0B1-44FC-8F98-AB9A354DAD84}.Release-xml|iPhone.ActiveCfg = Debug|x64
		{728CD888-C0B1-44FC-8F98-AB9A354DAD84}.Release-xml|iPhoneSimulator.ActiveCfg = Debug|x64
		{728CD888-C0B1-44FC-8F98-AB9A354DAD84}.Release-xml|x64.ActiveCfg = Release|x64
		{728CD888-C0B1-44FC-8F98-AB9A354DAD84}.Release-xml|x86.ActiveCfg = Release|x86
		{4D3AEED9-86E9-4FFB-B009-40CB7E5335B1}.Ad-Hoc|Any CPU.ActiveCfg = Ad-Hoc|iPhone
		{4D3AEED9-86E9-4FFB-B009-40CB7E5335B1}.Ad-Hoc|ARM.ActiveCfg = Ad-Hoc|iPhone
		{4D3AEED9-86E9-4FFB-B009-40CB7E5335B1}.Ad-Hoc|iPhone.ActiveCfg = Ad-Hoc|iPhone
		{4D3AEED9-86E9-4FFB-B009-40CB7E5335B1}.Ad-Hoc|iPhone.Build.0 = Ad-Hoc|iPhone
		{4D3AEED9-86E9-4FFB-B009-40CB7E5335B1}.Ad-Hoc|iPhoneSimulator.ActiveCfg = Ad-Hoc|iPhoneSimulator
		{4D3AEED9-86E9-4FFB-B009-40CB7E5335B1}.Ad-Hoc|iPhoneSimulator.Build.0 = Ad-Hoc|iPhoneSimulator
		{4D3AEED9-86E9-4FFB-B009-40CB7E5335B1}.Ad-Hoc|x64.ActiveCfg = Ad-Hoc|iPhone
		{4D3AEED9-86E9-4FFB-B009-40CB7E5335B1}.Ad-Hoc|x86.ActiveCfg = Ad-Hoc|iPhone
		{4D3AEED9-86E9-4FFB-B009-40CB7E5335B1}.AppStore|Any CPU.ActiveCfg = AppStore|iPhone
		{4D3AEED9-86E9-4FFB-B009-40CB7E5335B1}.AppStore|ARM.ActiveCfg = AppStore|iPhone
		{4D3AEED9-86E9-4FFB-B009-40CB7E5335B1}.AppStore|iPhone.ActiveCfg = AppStore|iPhone
		{4D3AEED9-86E9-4FFB-B009-40CB7E5335B1}.AppStore|iPhone.Build.0 = AppStore|iPhone
		{4D3AEED9-86E9-4FFB-B009-40CB7E5335B1}.AppStore|iPhoneSimulator.ActiveCfg = AppStore|iPhoneSimulator
		{4D3AEED9-86E9-4FFB-B009-40CB7E5335B1}.AppStore|iPhoneSimulator.Build.0 = AppStore|iPhoneSimulator
		{4D3AEED9-86E9-4FFB-B009-40CB7E5335B1}.AppStore|x64.ActiveCfg = AppStore|iPhone
		{4D3AEED9-86E9-4FFB-B009-40CB7E5335B1}.AppStore|x86.ActiveCfg = AppStore|iPhone
		{4D3AEED9-86E9-4FFB-B009-40CB7E5335B1}.Debug|Any CPU.ActiveCfg = Debug|iPhone
		{4D3AEED9-86E9-4FFB-B009-40CB7E5335B1}.Debug|Any CPU.Build.0 = Debug|iPhone
		{4D3AEED9-86E9-4FFB-B009-40CB7E5335B1}.Debug|ARM.ActiveCfg = Debug|iPhone
		{4D3AEED9-86E9-4FFB-B009-40CB7E5335B1}.Debug|iPhone.ActiveCfg = Debug|iPhone
		{4D3AEED9-86E9-4FFB-B009-40CB7E5335B1}.Debug|iPhone.Build.0 = Debug|iPhone
		{4D3AEED9-86E9-4FFB-B009-40CB7E5335B1}.Debug|iPhoneSimulator.ActiveCfg = Debug|iPhoneSimulator
		{4D3AEED9-86E9-4FFB-B009-40CB7E5335B1}.Debug|iPhoneSimulator.Build.0 = Debug|iPhoneSimulator
		{4D3AEED9-86E9-4FFB-B009-40CB7E5335B1}.Debug|x64.ActiveCfg = Debug|iPhone
		{4D3AEED9-86E9-4FFB-B009-40CB7E5335B1}.Debug|x86.ActiveCfg = Debug|iPhone
		{4D3AEED9-86E9-4FFB-B009-40CB7E5335B1}.Release|Any CPU.ActiveCfg = Release|iPhone
		{4D3AEED9-86E9-4FFB-B009-40CB7E5335B1}.Release|ARM.ActiveCfg = Release|iPhone
		{4D3AEED9-86E9-4FFB-B009-40CB7E5335B1}.Release|iPhone.ActiveCfg = Release|iPhone
		{4D3AEED9-86E9-4FFB-B009-40CB7E5335B1}.Release|iPhone.Build.0 = Release|iPhone
		{4D3AEED9-86E9-4FFB-B009-40CB7E5335B1}.Release|iPhoneSimulator.ActiveCfg = Release|iPhoneSimulator
		{4D3AEED9-86E9-4FFB-B009-40CB7E5335B1}.Release|iPhoneSimulator.Build.0 = Release|iPhoneSimulator
		{4D3AEED9-86E9-4FFB-B009-40CB7E5335B1}.Release|x64.ActiveCfg = Release|iPhone
		{4D3AEED9-86E9-4FFB-B009-40CB7E5335B1}.Release|x86.ActiveCfg = Release|iPhone
		{4D3AEED9-86E9-4FFB-B009-40CB7E5335B1}.Release-xml|Any CPU.ActiveCfg = Release|iPhoneSimulator
		{4D3AEED9-86E9-4FFB-B009-40CB7E5335B1}.Release-xml|Any CPU.Build.0 = Release|iPhoneSimulator
		{4D3AEED9-86E9-4FFB-B009-40CB7E5335B1}.Release-xml|ARM.ActiveCfg = Release|iPhoneSimulator
		{4D3AEED9-86E9-4FFB-B009-40CB7E5335B1}.Release-xml|ARM.Build.0 = Release|iPhoneSimulator
		{4D3AEED9-86E9-4FFB-B009-40CB7E5335B1}.Release-xml|iPhone.ActiveCfg = Release|iPhone
		{4D3AEED9-86E9-4FFB-B009-40CB7E5335B1}.Release-xml|iPhone.Build.0 = Release|iPhone
		{4D3AEED9-86E9-4FFB-B009-40CB7E5335B1}.Release-xml|iPhoneSimulator.ActiveCfg = Release|iPhoneSimulator
		{4D3AEED9-86E9-4FFB-B009-40CB7E5335B1}.Release-xml|iPhoneSimulator.Build.0 = Release|iPhoneSimulator
		{4D3AEED9-86E9-4FFB-B009-40CB7E5335B1}.Release-xml|x64.ActiveCfg = Release|iPhoneSimulator
		{4D3AEED9-86E9-4FFB-B009-40CB7E5335B1}.Release-xml|x64.Build.0 = Release|iPhoneSimulator
		{4D3AEED9-86E9-4FFB-B009-40CB7E5335B1}.Release-xml|x86.ActiveCfg = Release|iPhoneSimulator
		{4D3AEED9-86E9-4FFB-B009-40CB7E5335B1}.Release-xml|x86.Build.0 = Release|iPhoneSimulator
	EndGlobalSection
	GlobalSection(SolutionProperties) = preSolution
		HideSolutionNode = FALSE
	EndGlobalSection
EndGlobal
